{
  "name": "magicsniffer",
  "version": "0.1.0",
  "lockfileVersion": 3,
  "requires": true,
  "packages": {
    "": {
      "name": "magicsniffer",
      "version": "0.1.0",
      "license": "MIT",
      "dependencies": {
        "node-kcp-token": "github:TheLostTree/node-kcp",
        "pcap-parser": "^0.2.1"
      }
    },
    "node_modules/nan": {
      "version": "2.16.0",
      "resolved": "https://registry.npmjs.org/nan/-/nan-2.16.0.tgz",
      "integrity": "sha512-UdAqHyFngu7TfQKsCBgAA6pWDkT8MAO7d0jyOecVhN5354xbLqdn8mV9Tat9gepAupm0bt2DbeaSC8vS52MuFA=="
    },
    "node_modules/node-kcp-token": {
      "version": "1.0.12",
      "resolved": "git+ssh://git@github.com/TheLostTree/node-kcp.git#b50b691c0d3537a5d4d36dce4b42a9549a507dec",
      "integrity": "sha512-voQnDKNVxpsqUdxrBBAHZQmn9n7uNNrH+BxBlQSrGnJey1PyzMTplj6tFShWT3GaIpoY+DRmQTSPd8q9BQrO0g==",
      "hasInstallScript": true,
      "license": "Apache-2.0",
      "dependencies": {
        "nan": "^2.15.0"
      }
    },
    "node_modules/pcap-parser": {
      "version": "0.2.1",
      "resolved": "https://registry.npmjs.org/pcap-parser/-/pcap-parser-0.2.1.tgz",
      "integrity": "sha512-+1t1GiMpEHI+MFub/mpCmfpyU4oVOyn4h71Zp5GqC/2uv0yteM6MghazKBQMkNXgmmsCPT1JUMfqsF03cYjnyw==",
      "engines": {
        "node": ">=0.6.0"
      }
    }
  }
}
